// !$*UTF8*$!
{
	archiveVersion = 1;
	classes = {
	};
	objectVersion = 46;
	objects = {

/* Begin PBXFileReference section */
		3FB9B52D1C8E049100CDF047 /* metadata.json */ = {isa = PBXFileReference; lastKnownFileType = text.json; path = metadata.json; sourceTree = "<group>"; };
		3FD77C491C7742D8006BA083 /* drift.py */ = {isa = PBXFileReference; lastKnownFileType = text.script.python; path = drift.py; sourceTree = "<group>"; };
		3FD77C4A1C77445D006BA083 /* token.json */ = {isa = PBXFileReference; lastKnownFileType = text.json; path = token.json; sourceTree = "<group>"; };
		3FD77C4B1C7745A5006BA083 /* jsonWriter.py */ = {isa = PBXFileReference; lastKnownFileType = text.script.python; name = jsonWriter.py; path = ../../../Utilities/json/jsonWriter.py; sourceTree = "<group>"; };
		3FD77C4C1C77548B006BA083 /* jsonWriterExample.py */ = {isa = PBXFileReference; lastKnownFileType = text.script.python; name = jsonWriterExample.py; path = ../../../Utilities/json/jsonWriterExample.py; sourceTree = "<group>"; };
		3FD77C4D1C77738B006BA083 /* metadata1.json */ = {isa = PBXFileReference; lastKnownFileType = text.json; path = metadata1.json; sourceTree = "<group>"; };
/* End PBXFileReference section */

/* Begin PBXGroup section */
		3FD77C411C7711A0006BA083 = {
			isa = PBXGroup;
			children = (
				3FD77C491C7742D8006BA083 /* drift.py */,
				3FD77C4A1C77445D006BA083 /* token.json */,
				3FD77C4B1C7745A5006BA083 /* jsonWriter.py */,
				3FD77C4C1C77548B006BA083 /* jsonWriterExample.py */,
				3FD77C4D1C77738B006BA083 /* metadata1.json */,
				3FB9B52D1C8E049100CDF047 /* metadata.json */,
			);
			sourceTree = "<group>";
		};
/* End PBXGroup section */

/* Begin PBXProject section */
		3FD77C421C7711A0006BA083 /* Project object */ = {
			isa = PBXProject;
			attributes = {
				LastUpgradeCheck = 0630;
			};
			buildConfigurationList = 3FD77C451C7711A0006BA083 /* Build configuration list for PBXProject "Drift" */;
			compatibilityVersion = "Xcode 3.2";
			developmentRegion = English;
			hasScannedForEncodings = 0;
			knownRegions = (
				en,
			);
			mainGroup = 3FD77C411C7711A0006BA083;
			projectDirPath = "";
			projectRoot = "";
			targets = (
			);
		};
/* End PBXProject section */

/* Begin XCBuildConfiguration section */
		3FD77C461C7711A0006BA083 /* Debug */ = {
			isa = XCBuildConfiguration;
			buildSettings = {
			};
			name = Debug;
		};
		3FD77C471C7711A0006BA083 /* Release */ = {
			isa = XCBuildConfiguration;
			buildSettings = {
			};
			name = Release;
		};
/* End XCBuildConfiguration section */

/* Begin XCConfigurationList section */
		3FD77C451C7711A0006BA083 /* Build configuration list for PBXProject "Drift" */ = {
			isa = XCConfigurationList;
			buildConfigurations = (
				3FD77C461C7711A0006BA083 /* Debug */,
				3FD77C471C7711A0006BA083 /* Release */,
			);
			defaultConfigurationIsVisible = 0;
			defaultConfigurationName = Release;
		};
/* End XCConfigurationList section */
	};
	rootObject = 3FD77C421C7711A0006BA083 /* Project object */;
}
